# This file is automatically @generated by Cargo.
# It is not intended for manual editing.
version = 4

[[package]]
name = "fs-cli"
version = "0.0.0"
dependencies = [
 "fs-cov",
 "fs-jit",
 "fs-loader",
 "fs-mmu",
 "fs-platform",
 "fs-prog",
 "fs-riscv",
 "fs-san",
]

[[package]]
name = "fs-cov"
version = "0.0.0"

[[package]]
name = "fs-covmap"
version = "0.0.0"

[[package]]
name = "fs-diff"
version = "0.0.0"
dependencies = [
 "fs-loader",
 "fs-mmu",
 "fs-riscv",
]

[[package]]
name = "fs-hostmem"
version = "0.0.0"
dependencies = [
 "fs-mmu",
 "libc",
]

[[package]]
name = "fs-jit"
version = "0.0.0"
dependencies = [
 "fs-mmu",
 "fs-riscv",
 "libc",
]

[[package]]
name = "fs-loader"
version = "0.0.0"
dependencies = [
 "fs-mmu",
]

[[package]]
name = "fs-mmu"
version = "0.0.0"

[[package]]
name = "fs-platform"
version = "0.0.0"
dependencies = [
 "fs-mmu",
 "fs-riscv",
]

[[package]]
name = "fs-prog"
version = "0.0.0"

[[package]]
name = "fs-riscv"
version = "0.0.0"
dependencies = [
 "fs-mmu",
]

[[package]]
name = "fs-san"
version = "0.0.0"
dependencies = [
 "fs-mmu",
]

[[package]]
name = "fs-vec"
version = "0.0.0"
dependencies = [
 "fs-cov",
 "fs-mmu",
 "fs-platform",
 "fs-prog",
 "fs-riscv",
]

[[package]]
name = "libc"
version = "0.2.186"
source = "registry+https://github.com/rust-lang/crates.io-index"
checksum = "68ab91017fe16c622486840e4c83c9a37afeff978bd239b5293d61ece587de66"
