# This file is automatically @generated by Cargo.
# It is not intended for manual editing.
version = 4

[[package]]
name = "fs-cli"
version = "0.0.0"
dependencies = [
 "fs-cov",
 "fs-loader",
 "fs-mmu",
 "fs-platform",
 "fs-prog",
 "fs-riscv",
 "fs-san",
]

[[package]]
name = "fs-cov"
version = "0.0.0"

[[package]]
name = "fs-diff"
version = "0.0.0"
dependencies = [
 "fs-loader",
 "fs-mmu",
 "fs-riscv",
]

[[package]]
name = "fs-loader"
version = "0.0.0"
dependencies = [
 "fs-mmu",
]

[[package]]
name = "fs-mmu"
version = "0.0.0"

[[package]]
name = "fs-platform"
version = "0.0.0"
dependencies = [
 "fs-mmu",
 "fs-riscv",
]

[[package]]
name = "fs-prog"
version = "0.0.0"

[[package]]
name = "fs-riscv"
version = "0.0.0"
dependencies = [
 "fs-mmu",
]

[[package]]
name = "fs-san"
version = "0.0.0"
dependencies = [
 "fs-mmu",
]

[[package]]
name = "fs-vec"
version = "0.0.0"
dependencies = [
 "fs-mmu",
 "fs-riscv",
]
